Microsoft Visual Studio Solution File, Format Version 9.00
# Visual Studio 2005
Project("{FAE04EC0-301F-11D3-BF4B-00C04F79EFBC}") = "Series_StackedBarChart", "Series_StackedBarChart\Series_StackedBarChart.csproj", "{C34B3BB8-A5F4-47BC-904A-96B8EB85DD8A}"
EndProject
Global
	GlobalSection(SolutionConfigurationPlatforms) = preSolution
		Debug|Any CPU = Debug|Any CPU
		Release|Any CPU = Release|Any CPU
	EndGlobalSection
	GlobalSection(ProjectConfigurationPlatforms) = postSolution
		{C34B3BB8-A5F4-47BC-904A-96B8EB85DD8A}.Debug|Any CPU.ActiveCfg = Debug|Any CPU
		{C34B3BB8-A5F4-47BC-904A-96B8EB85DD8A}.Debug|Any CPU.Build.0 = Debug|Any CPU
		{C34B3BB8-A5F4-47BC-904A-96B8EB85DD8A}.Release|Any CPU.ActiveCfg = Release|Any CPU
		{C34B3BB8-A5F4-47BC-904A-96B8EB85DD8A}.Release|Any CPU.Build.0 = Release|Any CPU
	EndGlobalSection
	GlobalSection(SolutionProperties) = preSolution
		HideSolutionNode = FALSE
	EndGlobalSection
EndGlobal
